
Microsoft Visual Studio Solution File, Format Version 12.00
# Visual Studio Version 16
VisualStudioVersion = 25.0.1704.2
MinimumVisualStudioVersion = 10.0.40219.1
Project("{FAE04EC0-301F-11D3-BF4B-00C04F79EFBC}") = "ExpenseTracker", "ExpenseTracker.csproj", "{7938675A-F416-4047-B51A-E3799CB4FC16}"
EndProject
Global
	GlobalSection(SolutionConfigurationPlatforms) = preSolution
		Debug|Any CPU = Debug|Any CPU
		Release|Any CPU = Release|Any CPU
	EndGlobalSection
	GlobalSection(ProjectConfigurationPlatforms) = postSolution
		{7938675A-F416-4047-B51A-E3799CB4FC16}.Debug|Any CPU.ActiveCfg = Debug|Any CPU
		{7938675A-F416-4047-B51A-E3799CB4FC16}.Debug|Any CPU.Build.0 = Debug|Any CPU
		{7938675A-F416-4047-B51A-E3799CB4FC16}.Release|Any CPU.ActiveCfg = Release|Any CPU
		{7938675A-F416-4047-B51A-E3799CB4FC16}.Release|Any CPU.Build.0 = Release|Any CPU
	EndGlobalSection
	GlobalSection(SolutionProperties) = preSolution
		HideSolutionNode = FALSE
	EndGlobalSection
	GlobalSection(ExtensibilityGlobals) = postSolution
		SolutionGuid = {72F73F2F-EB57-4ECD-A3C7-D865ECAFDF8D}
	EndGlobalSection
EndGlobal
